
Microsoft Visual Studio Solution File, Format Version 12.00
Project("{FAE04EC0-301F-11D3-BF4B-00C04F79EFBC}") = "DogTrainerTestTask", "DogTrainerTestTask\DogTrainerTestTask.csproj", "{5728CD40-8F48-4FE0-B6C2-8DCB5B592008}"
EndProject
Project("{FAE04EC0-301F-11D3-BF4B-00C04F79EFBC}") = "DogTrainerTestTask.Tests", "DogTrainerTestTask.Tests\DogTrainerTestTask.Tests.csproj", "{6155279A-BF33-4E34-808F-BC4CD2A74FD0}"
EndProject
Global
	GlobalSection(SolutionConfigurationPlatforms) = preSolution
		Debug|Any CPU = Debug|Any CPU
		Release|Any CPU = Release|Any CPU
	EndGlobalSection
	GlobalSection(ProjectConfigurationPlatforms) = postSolution
		{5728CD40-8F48-4FE0-B6C2-8DCB5B592008}.Debug|Any CPU.ActiveCfg = Debug|Any CPU
		{5728CD40-8F48-4FE0-B6C2-8DCB5B592008}.Debug|Any CPU.Build.0 = Debug|Any CPU
		{5728CD40-8F48-4FE0-B6C2-8DCB5B592008}.Release|Any CPU.ActiveCfg = Release|Any CPU
		{5728CD40-8F48-4FE0-B6C2-8DCB5B592008}.Release|Any CPU.Build.0 = Release|Any CPU
		{6155279A-BF33-4E34-808F-BC4CD2A74FD0}.Debug|Any CPU.ActiveCfg = Debug|Any CPU
		{6155279A-BF33-4E34-808F-BC4CD2A74FD0}.Debug|Any CPU.Build.0 = Debug|Any CPU
		{6155279A-BF33-4E34-808F-BC4CD2A74FD0}.Release|Any CPU.ActiveCfg = Release|Any CPU
		{6155279A-BF33-4E34-808F-BC4CD2A74FD0}.Release|Any CPU.Build.0 = Release|Any CPU
	EndGlobalSection
EndGlobal
